
Microsoft Visual Studio Solution File, Format Version 12.00
# Visual Studio Version 17
VisualStudioVersion = 17.1.32407.343
MinimumVisualStudioVersion = 10.0.40219.1
Project("{8BC9CEB8-8B4A-11D0-8D11-00A0C91BC942}") = "lab_5.3", "lab_5.3\lab_5.3.vcxproj", "{36672630-7D55-48A8-BB37-FC388C77AEAC}"
EndProject
Project("{8BC9CEB8-8B4A-11D0-8D11-00A0C91BC942}") = "UnitTest1", "UnitTest1\UnitTest1.vcxproj", "{654AD0D1-AECA-4217-9EE4-F94FF9C93873}"
EndProject
Global
	GlobalSection(SolutionConfigurationPlatforms) = preSolution
		Debug|x64 = Debug|x64
		Debug|x86 = Debug|x86
		Release|x64 = Release|x64
		Release|x86 = Release|x86
	EndGlobalSection
	GlobalSection(ProjectConfigurationPlatforms) = postSolution
		{36672630-7D55-48A8-BB37-FC388C77AEAC}.Debug|x64.ActiveCfg = Debug|x64
		{36672630-7D55-48A8-BB37-FC388C77AEAC}.Debug|x64.Build.0 = Debug|x64
		{36672630-7D55-48A8-BB37-FC388C77AEAC}.Debug|x86.ActiveCfg = Debug|Win32
		{36672630-7D55-48A8-BB37-FC388C77AEAC}.Debug|x86.Build.0 = Debug|Win32
		{36672630-7D55-48A8-BB37-FC388C77AEAC}.Release|x64.ActiveCfg = Release|x64
		{36672630-7D55-48A8-BB37-FC388C77AEAC}.Release|x64.Build.0 = Release|x64
		{36672630-7D55-48A8-BB37-FC388C77AEAC}.Release|x86.ActiveCfg = Release|Win32
		{36672630-7D55-48A8-BB37-FC388C77AEAC}.Release|x86.Build.0 = Release|Win32
		{654AD0D1-AECA-4217-9EE4-F94FF9C93873}.Debug|x64.ActiveCfg = Debug|x64
		{654AD0D1-AECA-4217-9EE4-F94FF9C93873}.Debug|x64.Build.0 = Debug|x64
		{654AD0D1-AECA-4217-9EE4-F94FF9C93873}.Debug|x86.ActiveCfg = Debug|Win32
		{654AD0D1-AECA-4217-9EE4-F94FF9C93873}.Debug|x86.Build.0 = Debug|Win32
		{654AD0D1-AECA-4217-9EE4-F94FF9C93873}.Release|x64.ActiveCfg = Release|x64
		{654AD0D1-AECA-4217-9EE4-F94FF9C93873}.Release|x64.Build.0 = Release|x64
		{654AD0D1-AECA-4217-9EE4-F94FF9C93873}.Release|x86.ActiveCfg = Release|Win32
		{654AD0D1-AECA-4217-9EE4-F94FF9C93873}.Release|x86.Build.0 = Release|Win32
	EndGlobalSection
	GlobalSection(SolutionProperties) = preSolution
		HideSolutionNode = FALSE
	EndGlobalSection
	GlobalSection(ExtensibilityGlobals) = postSolution
		SolutionGuid = {CF9DDFAB-9E43-4E51-BB8C-FB20F183C7BD}
	EndGlobalSection
EndGlobal
